
Microsoft Visual Studio Solution File, Format Version 12.00
# Visual Studio 15
VisualStudioVersion = 15.0.28010.2050
MinimumVisualStudioVersion = 10.0.40219.1
Project("{FAE04EC0-301F-11D3-BF4B-00C04F79EFBC}") = "WpfApp5", "WpfApp5\WpfApp5.csproj", "{0450039C-CA1B-4994-B47E-810872D4495F}"
EndProject
Global
	GlobalSection(SolutionConfigurationPlatforms) = preSolution
		Debug|Any CPU = Debug|Any CPU
		Release|Any CPU = Release|Any CPU
	EndGlobalSection
	GlobalSection(ProjectConfigurationPlatforms) = postSolution
		{0450039C-CA1B-4994-B47E-810872D4495F}.Debug|Any CPU.ActiveCfg = Debug|Any CPU
		{0450039C-CA1B-4994-B47E-810872D4495F}.Debug|Any CPU.Build.0 = Debug|Any CPU
		{0450039C-CA1B-4994-B47E-810872D4495F}.Release|Any CPU.ActiveCfg = Release|Any CPU
		{0450039C-CA1B-4994-B47E-810872D4495F}.Release|Any CPU.Build.0 = Release|Any CPU
	EndGlobalSection
	GlobalSection(SolutionProperties) = preSolution
		HideSolutionNode = FALSE
	EndGlobalSection
	GlobalSection(ExtensibilityGlobals) = postSolution
		SolutionGuid = {C14C7522-D7B0-4BCD-8944-A8C5A17D1078}
	EndGlobalSection
EndGlobal
